version = 1
revision = 3
requires-python = ">=3.12"

[[package]]
name = "colorama"
version = "0.4.6"
source = { registry = "https://pypi.org/simple" }
sdist = { url = "https://files.pythonhosted.org/packages/d8/53/6f443c9a4a8358a93a6792e2acffb9d9d5cb0a5cfd8802644b7b1c9a02e4/colorama-0.4.6.tar.gz", hash = "sha256:08695f5cb7ed6e0531a20572697297273c47b8cae5a63ffc6d6ed5c201be6e44", size = 27697, upload-time = "2022-10-25T02:36:22.414Z" }
wheels = [
    { url = "https://files.pythonhosted.org/packages/d1/d6/3965ed04c63042e047cb6a3e6ed1a63a35087b6a609aa3a15ed8ac56c221/colorama-0.4.6-py2.py3-none-any.whl", hash = "sha256:4f1d9991f5acc0ca119f9d443620b77f9d6b33703e51011c16baf57afb285fc6", size = 25335, upload-time = "2022-10-25T02:36:20.889Z" },
]

[[package]]
name = "colorlog"
version = "6.10.1"
source = { registry = "https://pypi.org/simple" }
dependencies = [
    { name = "colorama", marker = "sys_platform == 'win32'" },
]
sdist = { url = "https://files.pythonhosted.org/packages/a2/61/f083b5ac52e505dfc1c624eafbf8c7589a0d7f32daa398d2e7590efa5fda/colorlog-6.10.1.tar.gz", hash = "sha256:eb4ae5cb65fe7fec7773c2306061a8e63e02efc2c72eba9d27b0fa23c94f1321", size = 17162, upload-time = "2025-10-16T16:14:11.978Z" }
wheels = [
    { url = "https://files.pythonhosted.org/packages/6d/c1/e419ef3723a074172b68aaa89c9f3de486ed4c2399e2dbd8113a4fdcaf9e/colorlog-6.10.1-py3-none-any.whl", hash = "sha256:2d7e8348291948af66122cff006c9f8da6255d224e7cf8e37d8de2df3bad8c9c", size = 11743, upload-time = "2025-10-16T16:14:10.512Z" },
]

[[package]]
name = "docopt"
version = "0.6.2"
source = { registry = "https://pypi.org/simple" }
sdist = { url = "https://files.pythonhosted.org/packages/a2/55/8f8cab2afd404cf578136ef2cc5dfb50baa1761b68c9da1fb1e4eed343c9/docopt-0.6.2.tar.gz", hash = "sha256:49b3a825280bd66b3aa83585ef59c4a8c82f2c8a522dbe754a8bc8d08c85c491", size = 25901, upload-time = "2014-06-16T11:18:57.406Z" }

[[package]]
name = "heb-text"
version = "0.1.0"
source = { virtual = "." }
dependencies = [
    { name = "phonikud" },
    { name = "tqdm" },
]

[package.metadata]
requires-dist = [
    { name = "phonikud", specifier = ">=0.4.1" },
    { name = "tqdm", specifier = ">=4.67.1" },
]

[[package]]
name = "num2words"
version = "0.5.14"
source = { registry = "https://pypi.org/simple" }
dependencies = [
    { name = "docopt" },
]
sdist = { url = "https://files.pythonhosted.org/packages/f6/58/ad645bd38b4b648eb2fc2ba1b909398e54eb0cbb6a7dbd2b4953e38c9621/num2words-0.5.14.tar.gz", hash = "sha256:b066ec18e56b6616a3b38086b5747daafbaa8868b226a36127e0451c0cf379c6", size = 218213, upload-time = "2024-12-17T20:17:10.191Z" }
wheels = [
    { url = "https://files.pythonhosted.org/packages/d6/5b/545e9267a1cc080c8a1be2746113a063e34bcdd0f5173fd665a5c13cb234/num2words-0.5.14-py3-none-any.whl", hash = "sha256:1c8e5b00142fc2966fd8d685001e36c4a9911e070d1b120e1beb721fa1edb33d", size = 163525, upload-time = "2024-12-17T20:17:06.074Z" },
]

[[package]]
name = "phonikud"
version = "0.4.1"
source = { registry = "https://pypi.org/simple" }
dependencies = [
    { name = "colorlog" },
    { name = "num2words" },
    { name = "regex" },
]
sdist = { url = "https://files.pythonhosted.org/packages/65/a7/e9c23eab2954ac05eaac8377b740e4c193205b9b0b8502c8f4fd41bef584/phonikud-0.4.1.tar.gz", hash = "sha256:f02b4acacfd7ca648d1814c2f62c1881d7fd1d046d79a813eb96f4b45896a0a9", size = 158174, upload-time = "2025-09-02T04:25:40.82Z" }
wheels = [
    { url = "https://files.pythonhosted.org/packages/85/4f/c4f5b8240565d54dd4c14e1956aa126969b3a1fe3bce82a147452433489e/phonikud-0.4.1-py3-none-any.whl", hash = "sha256:55fe3545d91448b0e5499154d44966ef363273e8d3131705ffa0b70d29db1e98", size = 23697, upload-time = "2025-09-02T04:25:39.561Z" },
]

[[package]]
name = "regex"
version = "2025.10.23"
source = { registry = "https://pypi.org/simple" }
sdist = { url = "https://files.pythonhosted.org/packages/f8/c8/1d2160d36b11fbe0a61acb7c3c81ab032d9ec8ad888ac9e0a61b85ab99dd/regex-2025.10.23.tar.gz", hash = "sha256:8cbaf8ceb88f96ae2356d01b9adf5e6306fa42fa6f7eab6b97794e37c959ac26", size = 401266, upload-time = "2025-10-21T15:58:20.23Z" }
wheels = [
    { url = "https://files.pythonhosted.org/packages/f6/57/eeb274d83ab189d02d778851b1ac478477522a92b52edfa6e2ae9ff84679/regex-2025.10.23-cp312-cp312-macosx_10_13_universal2.whl", hash = "sha256:7a44d9c00f7a0a02d3b777429281376370f3d13d2c75ae74eb94e11ebcf4a7fc", size = 489187, upload-time = "2025-10-21T15:55:18.322Z" },
    { url = "https://files.pythonhosted.org/packages/55/5c/7dad43a9b6ea88bf77e0b8b7729a4c36978e1043165034212fd2702880c6/regex-2025.10.23-cp312-cp312-macosx_10_13_x86_64.whl", hash = "sha256:b83601f84fde939ae3478bb32a3aef36f61b58c3208d825c7e8ce1a735f143f2", size = 291122, upload-time = "2025-10-21T15:55:20.2Z" },
    { url = "https://files.pythonhosted.org/packages/66/21/38b71e6f2818f0f4b281c8fba8d9d57cfca7b032a648fa59696e0a54376a/regex-2025.10.23-cp312-cp312-macosx_11_0_arm64.whl", hash = "sha256:ec13647907bb9d15fd192bbfe89ff06612e098a5709e7d6ecabbdd8f7908fc45", size = 288797, upload-time = "2025-10-21T15:55:21.932Z" },
    { url = "https://files.pythonhosted.org/packages/be/95/888f069c89e7729732a6d7cca37f76b44bfb53a1e35dda8a2c7b65c1b992/regex-2025.10.23-cp312-cp312-manylinux2014_aarch64.manylinux_2_17_aarch64.manylinux_2_28_aarch64.whl", hash = "sha256:78d76dd2957d62501084e7012ddafc5fcd406dd982b7a9ca1ea76e8eaaf73e7e", size = 798442, upload-time = "2025-10-21T15:55:23.747Z" },
    { url = "https://files.pythonhosted.org/packages/76/70/4f903c608faf786627a8ee17c06e0067b5acade473678b69c8094b248705/regex-2025.10.23-cp312-cp312-manylinux2014_ppc64le.manylinux_2_17_ppc64le.manylinux_2_28_ppc64le.whl", hash = "sha256:8668e5f067e31a47699ebb354f43aeb9c0ef136f915bd864243098524482ac43", size = 864039, upload-time = "2025-10-21T15:55:25.656Z" },
    { url = "https://files.pythonhosted.org/packages/62/19/2df67b526bf25756c7f447dde554fc10a220fd839cc642f50857d01e4a7b/regex-2025.10.23-cp312-cp312-manylinux2014_s390x.manylinux_2_17_s390x.manylinux_2_28_s390x.whl", hash = "sha256:a32433fe3deb4b2d8eda88790d2808fed0dc097e84f5e683b4cd4f42edef6cca", size = 912057, upload-time = "2025-10-21T15:55:27.309Z" },
    { url = "https://files.pythonhosted.org/packages/99/14/9a39b7c9e007968411bc3c843cc14cf15437510c0a9991f080cab654fd16/regex-2025.10.23-cp312-cp312-manylinux2014_x86_64.manylinux_2_17_x86_64.manylinux_2_28_x86_64.whl", hash = "sha256:d97d73818c642c938db14c0668167f8d39520ca9d983604575ade3fda193afcc", size = 803374, upload-time = "2025-10-21T15:55:28.9Z" },
    { url = "https://files.pythonhosted.org/packages/d4/f7/3495151dd3ca79949599b6d069b72a61a2c5e24fc441dccc79dcaf708fe6/regex-2025.10.23-cp312-cp312-musllinux_1_2_aarch64.whl", hash = "sha256:bca7feecc72ee33579e9f6ddf8babbe473045717a0e7dbc347099530f96e8b9a", size = 787714, upload-time = "2025-10-21T15:55:30.628Z" },
    { url = "https://files.pythonhosted.org/packages/28/65/ee882455e051131869957ee8597faea45188c9a98c0dad724cfb302d4580/regex-2025.10.23-cp312-cp312-musllinux_1_2_ppc64le.whl", hash = "sha256:7e24af51e907d7457cc4a72691ec458320b9ae67dc492f63209f01eecb09de32", size = 858392, upload-time = "2025-10-21T15:55:32.322Z" },
    { url = "https://files.pythonhosted.org/packages/53/25/9287fef5be97529ebd3ac79d256159cb709a07eb58d4be780d1ca3885da8/regex-2025.10.23-cp312-cp312-musllinux_1_2_s390x.whl", hash = "sha256:d10bcde58bbdf18146f3a69ec46dd03233b94a4a5632af97aa5378da3a47d288", size = 850484, upload-time = "2025-10-21T15:55:34.037Z" },
    { url = "https://files.pythonhosted.org/packages/f3/b4/b49b88b4fea2f14dc73e5b5842755e782fc2e52f74423d6f4adc130d5880/regex-2025.10.23-cp312-cp312-musllinux_1_2_x86_64.whl", hash = "sha256:44383bc0c933388516c2692c9a7503e1f4a67e982f20b9a29d2fb70c6494f147", size = 789634, upload-time = "2025-10-21T15:55:35.958Z" },
    { url = "https://files.pythonhosted.org/packages/b6/3c/2f8d199d0e84e78bcd6bdc2be9b62410624f6b796e2893d1837ae738b160/regex-2025.10.23-cp312-cp312-win32.whl", hash = "sha256:6040a86f95438a0114bba16e51dfe27f1bc004fd29fe725f54a586f6d522b079", size = 266060, upload-time = "2025-10-21T15:55:37.902Z" },
    { url = "https://files.pythonhosted.org/packages/d7/67/c35e80969f6ded306ad70b0698863310bdf36aca57ad792f45ddc0e2271f/regex-2025.10.23-cp312-cp312-win_amd64.whl", hash = "sha256:436b4c4352fe0762e3bfa34a5567079baa2ef22aa9c37cf4d128979ccfcad842", size = 276931, upload-time = "2025-10-21T15:55:39.502Z" },
    { url = "https://files.pythonhosted.org/packages/f5/a1/4ed147de7d2b60174f758412c87fa51ada15cd3296a0ff047f4280aaa7ca/regex-2025.10.23-cp312-cp312-win_arm64.whl", hash = "sha256:f4b1b1991617055b46aff6f6db24888c1f05f4db9801349d23f09ed0714a9335", size = 270103, upload-time = "2025-10-21T15:55:41.24Z" },
    { url = "https://files.pythonhosted.org/packages/28/c6/195a6217a43719d5a6a12cc192a22d12c40290cecfa577f00f4fb822f07d/regex-2025.10.23-cp313-cp313-macosx_10_13_universal2.whl", hash = "sha256:b7690f95404a1293923a296981fd943cca12c31a41af9c21ba3edd06398fc193", size = 488956, upload-time = "2025-10-21T15:55:42.887Z" },
    { url = "https://files.pythonhosted.org/packages/4c/93/181070cd1aa2fa541ff2d3afcf763ceecd4937b34c615fa92765020a6c90/regex-2025.10.23-cp313-cp313-macosx_10_13_x86_64.whl", hash = "sha256:1a32d77aeaea58a13230100dd8797ac1a84c457f3af2fdf0d81ea689d5a9105b", size = 290997, upload-time = "2025-10-21T15:55:44.53Z" },
    { url = "https://files.pythonhosted.org/packages/b6/c5/9d37fbe3a40ed8dda78c23e1263002497540c0d1522ed75482ef6c2000f0/regex-2025.10.23-cp313-cp313-macosx_11_0_arm64.whl", hash = "sha256:b24b29402f264f70a3c81f45974323b41764ff7159655360543b7cabb73e7d2f", size = 288686, upload-time = "2025-10-21T15:55:46.186Z" },
    { url = "https://files.pythonhosted.org/packages/5f/e7/db610ff9f10c2921f9b6ac0c8d8be4681b28ddd40fc0549429366967e61f/regex-2025.10.23-cp313-cp313-manylinux2014_aarch64.manylinux_2_17_aarch64.manylinux_2_28_aarch64.whl", hash = "sha256:563824a08c7c03d96856d84b46fdb3bbb7cfbdf79da7ef68725cda2ce169c72a", size = 798466, upload-time = "2025-10-21T15:55:48.24Z" },
    { url = "https://files.pythonhosted.org/packages/90/10/aab883e1fa7fe2feb15ac663026e70ca0ae1411efa0c7a4a0342d9545015/regex-2025.10.23-cp313-cp313-manylinux2014_ppc64le.manylinux_2_17_ppc64le.manylinux_2_28_ppc64le.whl", hash = "sha256:a0ec8bdd88d2e2659c3518087ee34b37e20bd169419ffead4240a7004e8ed03b", size = 863996, upload-time = "2025-10-21T15:55:50.478Z" },
    { url = "https://files.pythonhosted.org/packages/a2/b0/8f686dd97a51f3b37d0238cd00a6d0f9ccabe701f05b56de1918571d0d61/regex-2025.10.23-cp313-cp313-manylinux2014_s390x.manylinux_2_17_s390x.manylinux_2_28_s390x.whl", hash = "sha256:b577601bfe1d33913fcd9276d7607bbac827c4798d9e14d04bf37d417a6c41cb", size = 912145, upload-time = "2025-10-21T15:55:52.215Z" },
    { url = "https://files.pythonhosted.org/packages/a3/ca/639f8cd5b08797bca38fc5e7e07f76641a428cf8c7fca05894caf045aa32/regex-2025.10.23-cp313-cp313-manylinux2014_x86_64.manylinux_2_17_x86_64.manylinux_2_28_x86_64.whl", hash = "sha256:7c9f2c68ac6cb3de94eea08a437a75eaa2bd33f9e97c84836ca0b610a5804368", size = 803370, upload-time = "2025-10-21T15:55:53.944Z" },
    { url = "https://files.pythonhosted.org/packages/0d/1e/a40725bb76959eddf8abc42a967bed6f4851b39f5ac4f20e9794d7832aa5/regex-2025.10.23-cp313-cp313-musllinux_1_2_aarch64.whl", hash = "sha256:89f8b9ea3830c79468e26b0e21c3585f69f105157c2154a36f6b7839f8afb351", size = 787767, upload-time = "2025-10-21T15:55:56.004Z" },
    { url = "https://files.pythonhosted.org/packages/3d/d8/8ee9858062936b0f99656dce390aa667c6e7fb0c357b1b9bf76fb5e2e708/regex-2025.10.23-cp313-cp313-musllinux_1_2_ppc64le.whl", hash = "sha256:98fd84c4e4ea185b3bb5bf065261ab45867d8875032f358a435647285c722673", size = 858335, upload-time = "2025-10-21T15:55:58.185Z" },
    { url = "https://files.pythonhosted.org/packages/d8/0a/ed5faaa63fa8e3064ab670e08061fbf09e3a10235b19630cf0cbb9e48c0a/regex-2025.10.23-cp313-cp313-musllinux_1_2_s390x.whl", hash = "sha256:1e11d3e5887b8b096f96b4154dfb902f29c723a9556639586cd140e77e28b313", size = 850402, upload-time = "2025-10-21T15:56:00.023Z" },
    { url = "https://files.pythonhosted.org/packages/79/14/d05f617342f4b2b4a23561da500ca2beab062bfcc408d60680e77ecaf04d/regex-2025.10.23-cp313-cp313-musllinux_1_2_x86_64.whl", hash = "sha256:4f13450328a6634348d47a88367e06b64c9d84980ef6a748f717b13f8ce64e87", size = 789739, upload-time = "2025-10-21T15:56:01.967Z" },
    { url = "https://files.pythonhosted.org/packages/f9/7b/e8ce8eef42a15f2c3461f8b3e6e924bbc86e9605cb534a393aadc8d3aff8/regex-2025.10.23-cp313-cp313-win32.whl", hash = "sha256:37be9296598a30c6a20236248cb8b2c07ffd54d095b75d3a2a2ee5babdc51df1", size = 266054, upload-time = "2025-10-21T15:56:05.291Z" },
    { url = "https://files.pythonhosted.org/packages/71/2d/55184ed6be6473187868d2f2e6a0708195fc58270e62a22cbf26028f2570/regex-2025.10.23-cp313-cp313-win_amd64.whl", hash = "sha256:ea7a3c283ce0f06fe789365841e9174ba05f8db16e2fd6ae00a02df9572c04c0", size = 276917, upload-time = "2025-10-21T15:56:07.303Z" },
    { url = "https://files.pythonhosted.org/packages/9c/d4/927eced0e2bd45c45839e556f987f8c8f8683268dd3c00ad327deb3b0172/regex-2025.10.23-cp313-cp313-win_arm64.whl", hash = "sha256:d9a4953575f300a7bab71afa4cd4ac061c7697c89590a2902b536783eeb49a4f", size = 270105, upload-time = "2025-10-21T15:56:09.857Z" },
    { url = "https://files.pythonhosted.org/packages/3e/b3/95b310605285573341fc062d1d30b19a54f857530e86c805f942c4ff7941/regex-2025.10.23-cp313-cp313t-macosx_10_13_universal2.whl", hash = "sha256:7d6606524fa77b3912c9ef52a42ef63c6cfbfc1077e9dc6296cd5da0da286044", size = 491850, upload-time = "2025-10-21T15:56:11.685Z" },
    { url = "https://files.pythonhosted.org/packages/a4/8f/207c2cec01e34e56db1eff606eef46644a60cf1739ecd474627db90ad90b/regex-2025.10.23-cp313-cp313t-macosx_10_13_x86_64.whl", hash = "sha256:c037aadf4d64bdc38af7db3dbd34877a057ce6524eefcb2914d6d41c56f968cc", size = 292537, upload-time = "2025-10-21T15:56:13.963Z" },
    { url = "https://files.pythonhosted.org/packages/98/3b/025240af4ada1dc0b5f10d73f3e5122d04ce7f8908ab8881e5d82b9d61b6/regex-2025.10.23-cp313-cp313t-macosx_11_0_arm64.whl", hash = "sha256:99018c331fb2529084a0c9b4c713dfa49fafb47c7712422e49467c13a636c656", size = 290904, upload-time = "2025-10-21T15:56:16.016Z" },
    { url = "https://files.pythonhosted.org/packages/81/8e/104ac14e2d3450c43db18ec03e1b96b445a94ae510b60138f00ce2cb7ca1/regex-2025.10.23-cp313-cp313t-manylinux2014_aarch64.manylinux_2_17_aarch64.manylinux_2_28_aarch64.whl", hash = "sha256:fd8aba965604d70306eb90a35528f776e59112a7114a5162824d43b76fa27f58", size = 807311, upload-time = "2025-10-21T15:56:17.818Z" },
    { url = "https://files.pythonhosted.org/packages/19/63/78aef90141b7ce0be8a18e1782f764f6997ad09de0e05251f0d2503a914a/regex-2025.10.23-cp313-cp313t-manylinux2014_ppc64le.manylinux_2_17_ppc64le.manylinux_2_28_ppc64le.whl", hash = "sha256:238e67264b4013e74136c49f883734f68656adf8257bfa13b515626b31b20f8e", size = 873241, upload-time = "2025-10-21T15:56:19.941Z" },
    { url = "https://files.pythonhosted.org/packages/b3/a8/80eb1201bb49ae4dba68a1b284b4211ed9daa8e74dc600018a10a90399fb/regex-2025.10.23-cp313-cp313t-manylinux2014_s390x.manylinux_2_17_s390x.manylinux_2_28_s390x.whl", hash = "sha256:b2eb48bd9848d66fd04826382f5e8491ae633de3233a3d64d58ceb4ecfa2113a", size = 914794, upload-time = "2025-10-21T15:56:22.488Z" },
    { url = "https://files.pythonhosted.org/packages/f0/d5/1984b6ee93281f360a119a5ca1af6a8ca7d8417861671388bf750becc29b/regex-2025.10.23-cp313-cp313t-manylinux2014_x86_64.manylinux_2_17_x86_64.manylinux_2_28_x86_64.whl", hash = "sha256:d36591ce06d047d0c0fe2fc5f14bfbd5b4525d08a7b6a279379085e13f0e3d0e", size = 812581, upload-time = "2025-10-21T15:56:24.319Z" },
    { url = "https://files.pythonhosted.org/packages/c4/39/11ebdc6d9927172a64ae237d16763145db6bd45ebb4055c17b88edab72a7/regex-2025.10.23-cp313-cp313t-musllinux_1_2_aarch64.whl", hash = "sha256:b5d4ece8628d6e364302006366cea3ee887db397faebacc5dacf8ef19e064cf8", size = 795346, upload-time = "2025-10-21T15:56:26.232Z" },
    { url = "https://files.pythonhosted.org/packages/3b/b4/89a591bcc08b5e436af43315284bd233ba77daf0cf20e098d7af12f006c1/regex-2025.10.23-cp313-cp313t-musllinux_1_2_ppc64le.whl", hash = "sha256:39a7e8083959cb1c4ff74e483eecb5a65d3b3e1d821b256e54baf61782c906c6", size = 868214, upload-time = "2025-10-21T15:56:28.597Z" },
    { url = "https://files.pythonhosted.org/packages/3d/ff/58ba98409c1dbc8316cdb20dafbc63ed267380a07780cafecaf5012dabc9/regex-2025.10.23-cp313-cp313t-musllinux_1_2_s390x.whl", hash = "sha256:842d449a8fefe546f311656cf8c0d6729b08c09a185f1cad94c756210286d6a8", size = 854540, upload-time = "2025-10-21T15:56:30.875Z" },
    { url = "https://files.pythonhosted.org/packages/9a/f2/4a9e9338d67626e2071b643f828a482712ad15889d7268e11e9a63d6f7e9/regex-2025.10.23-cp313-cp313t-musllinux_1_2_x86_64.whl", hash = "sha256:d614986dc68506be8f00474f4f6960e03e4ca9883f7df47744800e7d7c08a494", size = 799346, upload-time = "2025-10-21T15:56:32.725Z" },
    { url = "https://files.pythonhosted.org/packages/63/be/543d35c46bebf6f7bf2be538cca74d6585f25714700c36f37f01b92df551/regex-2025.10.23-cp313-cp313t-win32.whl", hash = "sha256:a5b7a26b51a9df473ec16a1934d117443a775ceb7b39b78670b2e21893c330c9", size = 268657, upload-time = "2025-10-21T15:56:34.577Z" },
    { url = "https://files.pythonhosted.org/packages/14/9f/4dd6b7b612037158bb2c9bcaa710e6fb3c40ad54af441b9c53b3a137a9f1/regex-2025.10.23-cp313-cp313t-win_amd64.whl", hash = "sha256:ce81c5544a5453f61cb6f548ed358cfb111e3b23f3cd42d250a4077a6be2a7b6", size = 280075, upload-time = "2025-10-21T15:56:36.767Z" },
    { url = "https://files.pythonhosted.org/packages/81/7a/5bd0672aa65d38c8da6747c17c8b441bdb53d816c569e3261013af8e83cf/regex-2025.10.23-cp313-cp313t-win_arm64.whl", hash = "sha256:e9bf7f6699f490e4e43c44757aa179dab24d1960999c84ab5c3d5377714ed473", size = 271219, upload-time = "2025-10-21T15:56:39.033Z" },
    { url = "https://files.pythonhosted.org/packages/73/f6/0caf29fec943f201fbc8822879c99d31e59c1d51a983d9843ee5cf398539/regex-2025.10.23-cp314-cp314-macosx_10_13_universal2.whl", hash = "sha256:5b5cb5b6344c4c4c24b2dc87b0bfee78202b07ef7633385df70da7fcf6f7cec6", size = 488960, upload-time = "2025-10-21T15:56:40.849Z" },
    { url = "https://files.pythonhosted.org/packages/8e/7d/ebb7085b8fa31c24ce0355107cea2b92229d9050552a01c5d291c42aecea/regex-2025.10.23-cp314-cp314-macosx_10_13_x86_64.whl", hash = "sha256:a6ce7973384c37bdf0f371a843f95a6e6f4e1489e10e0cf57330198df72959c5", size = 290932, upload-time = "2025-10-21T15:56:42.875Z" },
    { url = "https://files.pythonhosted.org/packages/27/41/43906867287cbb5ca4cee671c3cc8081e15deef86a8189c3aad9ac9f6b4d/regex-2025.10.23-cp314-cp314-macosx_11_0_arm64.whl", hash = "sha256:2ee3663f2c334959016b56e3bd0dd187cbc73f948e3a3af14c3caaa0c3035d10", size = 288766, upload-time = "2025-10-21T15:56:44.894Z" },
    { url = "https://files.pythonhosted.org/packages/ab/9e/ea66132776700fc77a39b1056e7a5f1308032fead94507e208dc6716b7cd/regex-2025.10.23-cp314-cp314-manylinux2014_aarch64.manylinux_2_17_aarch64.manylinux_2_28_aarch64.whl", hash = "sha256:2003cc82a579107e70d013482acce8ba773293f2db534fb532738395c557ff34", size = 798884, upload-time = "2025-10-21T15:56:47.178Z" },
    { url = "https://files.pythonhosted.org/packages/d5/99/aed1453687ab63819a443930770db972c5c8064421f0d9f5da9ad029f26b/regex-2025.10.23-cp314-cp314-manylinux2014_ppc64le.manylinux_2_17_ppc64le.manylinux_2_28_ppc64le.whl", hash = "sha256:182c452279365a93a9f45874f7f191ec1c51e1f1eb41bf2b16563f1a40c1da3a", size = 864768, upload-time = "2025-10-21T15:56:49.793Z" },
    { url = "https://files.pythonhosted.org/packages/99/5d/732fe747a1304805eb3853ce6337eea16b169f7105a0d0dd9c6a5ffa9948/regex-2025.10.23-cp314-cp314-manylinux2014_s390x.manylinux_2_17_s390x.manylinux_2_28_s390x.whl", hash = "sha256:b1249e9ff581c5b658c8f0437f883b01f1edcf424a16388591e7c05e5e9e8b0c", size = 911394, upload-time = "2025-10-21T15:56:52.186Z" },
    { url = "https://files.pythonhosted.org/packages/5e/48/58a1f6623466522352a6efa153b9a3714fc559d9f930e9bc947b4a88a2c3/regex-2025.10.23-cp314-cp314-manylinux2014_x86_64.manylinux_2_17_x86_64.manylinux_2_28_x86_64.whl", hash = "sha256:2b841698f93db3ccc36caa1900d2a3be281d9539b822dc012f08fc80b46a3224", size = 803145, upload-time = "2025-10-21T15:56:55.142Z" },
    { url = "https://files.pythonhosted.org/packages/ea/f6/7dea79be2681a5574ab3fc237aa53b2c1dfd6bd2b44d4640b6c76f33f4c1/regex-2025.10.23-cp314-cp314-musllinux_1_2_aarch64.whl", hash = "sha256:956d89e0c92d471e8f7eee73f73fdff5ed345886378c45a43175a77538a1ffe4", size = 787831, upload-time = "2025-10-21T15:56:57.203Z" },
    { url = "https://files.pythonhosted.org/packages/3a/ad/07b76950fbbe65f88120ca2d8d845047c401450f607c99ed38862904671d/regex-2025.10.23-cp314-cp314-musllinux_1_2_ppc64le.whl", hash = "sha256:5c259cb363299a0d90d63b5c0d7568ee98419861618a95ee9d91a41cb9954462", size = 859162, upload-time = "2025-10-21T15:56:59.195Z" },
    { url = "https://files.pythonhosted.org/packages/41/87/374f3b2021b22aa6a4fc0b750d63f9721e53d1631a238f7a1c343c1cd288/regex-2025.10.23-cp314-cp314-musllinux_1_2_s390x.whl", hash = "sha256:185d2b18c062820b3a40d8fefa223a83f10b20a674bf6e8c4a432e8dfd844627", size = 849899, upload-time = "2025-10-21T15:57:01.747Z" },
    { url = "https://files.pythonhosted.org/packages/12/4a/7f7bb17c5a5a9747249807210e348450dab9212a46ae6d23ebce86ba6a2b/regex-2025.10.23-cp314-cp314-musllinux_1_2_x86_64.whl", hash = "sha256:281d87fa790049c2b7c1b4253121edd80b392b19b5a3d28dc2a77579cb2a58ec", size = 789372, upload-time = "2025-10-21T15:57:04.018Z" },
    { url = "https://files.pythonhosted.org/packages/c9/dd/9c7728ff544fea09bbc8635e4c9e7c423b11c24f1a7a14e6ac4831466709/regex-2025.10.23-cp314-cp314-win32.whl", hash = "sha256:63b81eef3656072e4ca87c58084c7a9c2b81d41a300b157be635a8a675aacfb8", size = 271451, upload-time = "2025-10-21T15:57:06.266Z" },
    { url = "https://files.pythonhosted.org/packages/48/f8/ef7837ff858eb74079c4804c10b0403c0b740762e6eedba41062225f7117/regex-2025.10.23-cp314-cp314-win_amd64.whl", hash = "sha256:0967c5b86f274800a34a4ed862dfab56928144d03cb18821c5153f8777947796", size = 280173, upload-time = "2025-10-21T15:57:08.206Z" },
    { url = "https://files.pythonhosted.org/packages/8e/d0/d576e1dbd9885bfcd83d0e90762beea48d9373a6f7ed39170f44ed22e336/regex-2025.10.23-cp314-cp314-win_arm64.whl", hash = "sha256:c70dfe58b0a00b36aa04cdb0f798bf3e0adc31747641f69e191109fd8572c9a9", size = 273206, upload-time = "2025-10-21T15:57:10.367Z" },
    { url = "https://files.pythonhosted.org/packages/a6/d0/2025268315e8b2b7b660039824cb7765a41623e97d4cd421510925400487/regex-2025.10.23-cp314-cp314t-macosx_10_13_universal2.whl", hash = "sha256:1f5799ea1787aa6de6c150377d11afad39a38afd033f0c5247aecb997978c422", size = 491854, upload-time = "2025-10-21T15:57:12.526Z" },
    { url = "https://files.pythonhosted.org/packages/44/35/5681c2fec5e8b33454390af209c4353dfc44606bf06d714b0b8bd0454ffe/regex-2025.10.23-cp314-cp314t-macosx_10_13_x86_64.whl", hash = "sha256:a9639ab7540cfea45ef57d16dcbea2e22de351998d614c3ad2f9778fa3bdd788", size = 292542, upload-time = "2025-10-21T15:57:15.158Z" },
    { url = "https://files.pythonhosted.org/packages/5d/17/184eed05543b724132e4a18149e900f5189001fcfe2d64edaae4fbaf36b4/regex-2025.10.23-cp314-cp314t-macosx_11_0_arm64.whl", hash = "sha256:08f52122c352eb44c3421dab78b9b73a8a77a282cc8314ae576fcaa92b780d10", size = 290903, upload-time = "2025-10-21T15:57:17.108Z" },
    { url = "https://files.pythonhosted.org/packages/25/d0/5e3347aa0db0de382dddfa133a7b0ae72f24b4344f3989398980b44a3924/regex-2025.10.23-cp314-cp314t-manylinux2014_aarch64.manylinux_2_17_aarch64.manylinux_2_28_aarch64.whl", hash = "sha256:ebf1baebef1c4088ad5a5623decec6b52950f0e4d7a0ae4d48f0a99f8c9cb7d7", size = 807546, upload-time = "2025-10-21T15:57:19.179Z" },
    { url = "https://files.pythonhosted.org/packages/d2/bb/40c589bbdce1be0c55e9f8159789d58d47a22014f2f820cf2b517a5cd193/regex-2025.10.23-cp314-cp314t-manylinux2014_ppc64le.manylinux_2_17_ppc64le.manylinux_2_28_ppc64le.whl", hash = "sha256:16b0f1c2e2d566c562d5c384c2b492646be0a19798532fdc1fdedacc66e3223f", size = 873322, upload-time = "2025-10-21T15:57:21.36Z" },
    { url = "https://files.pythonhosted.org/packages/fe/56/a7e40c01575ac93360e606278d359f91829781a9f7fb6e5aa435039edbda/regex-2025.10.23-cp314-cp314t-manylinux2014_s390x.manylinux_2_17_s390x.manylinux_2_28_s390x.whl", hash = "sha256:f7ada5d9dceafaab92646aa00c10a9efd9b09942dd9b0d7c5a4b73db92cc7e61", size = 914855, upload-time = "2025-10-21T15:57:24.044Z" },
    { url = "https://files.pythonhosted.org/packages/5c/4b/d55587b192763db3163c3f508b3b67b31bb6f5e7a0e08b83013d0a59500a/regex-2025.10.23-cp314-cp314t-manylinux2014_x86_64.manylinux_2_17_x86_64.manylinux_2_28_x86_64.whl", hash = "sha256:3a36b4005770044bf08edecc798f0e41a75795b9e7c9c12fe29da8d792ef870c", size = 812724, upload-time = "2025-10-21T15:57:26.123Z" },
    { url = "https://files.pythonhosted.org/packages/33/20/18bac334955fbe99d17229f4f8e98d05e4a501ac03a442be8facbb37c304/regex-2025.10.23-cp314-cp314t-musllinux_1_2_aarch64.whl", hash = "sha256:af7b2661dcc032da1fae82069b5ebf2ac1dfcd5359ef8b35e1367bfc92181432", size = 795439, upload-time = "2025-10-21T15:57:28.497Z" },
    { url = "https://files.pythonhosted.org/packages/67/46/c57266be9df8549c7d85deb4cb82280cb0019e46fff677534c5fa1badfa4/regex-2025.10.23-cp314-cp314t-musllinux_1_2_ppc64le.whl", hash = "sha256:1cb976810ac1416a67562c2e5ba0accf6f928932320fef302e08100ed681b38e", size = 868336, upload-time = "2025-10-21T15:57:30.867Z" },
    { url = "https://files.pythonhosted.org/packages/b8/f3/bd5879e41ef8187fec5e678e94b526a93f99e7bbe0437b0f2b47f9101694/regex-2025.10.23-cp314-cp314t-musllinux_1_2_s390x.whl", hash = "sha256:1a56a54be3897d62f54290190fbcd754bff6932934529fbf5b29933da28fcd43", size = 854567, upload-time = "2025-10-21T15:57:33.062Z" },
    { url = "https://files.pythonhosted.org/packages/e6/57/2b6bbdbd2f24dfed5b028033aa17ad8f7d86bb28f1a892cac8b3bc89d059/regex-2025.10.23-cp314-cp314t-musllinux_1_2_x86_64.whl", hash = "sha256:8f3e6d202fb52c2153f532043bbcf618fd177df47b0b306741eb9b60ba96edc3", size = 799565, upload-time = "2025-10-21T15:57:35.153Z" },
    { url = "https://files.pythonhosted.org/packages/c7/ba/a6168f542ba73b151ed81237adf6b869c7b2f7f8d51618111296674e20ee/regex-2025.10.23-cp314-cp314t-win32.whl", hash = "sha256:1fa1186966b2621b1769fd467c7b22e317e6ba2d2cdcecc42ea3089ef04a8521", size = 274428, upload-time = "2025-10-21T15:57:37.996Z" },
    { url = "https://files.pythonhosted.org/packages/ef/a0/c84475e14a2829e9b0864ebf77c3f7da909df9d8acfe2bb540ff0072047c/regex-2025.10.23-cp314-cp314t-win_amd64.whl", hash = "sha256:08a15d40ce28362eac3e78e83d75475147869c1ff86bc93285f43b4f4431a741", size = 284140, upload-time = "2025-10-21T15:57:40.027Z" },
    { url = "https://files.pythonhosted.org/packages/51/33/6a08ade0eee5b8ba79386869fa6f77afeb835b60510f3525db987e2fffc4/regex-2025.10.23-cp314-cp314t-win_arm64.whl", hash = "sha256:a93e97338e1c8ea2649e130dcfbe8cd69bba5e1e163834752ab64dcb4de6d5ed", size = 274497, upload-time = "2025-10-21T15:57:42.389Z" },
]

[[package]]
name = "tqdm"
version = "4.67.1"
source = { registry = "https://pypi.org/simple" }
dependencies = [
    { name = "colorama", marker = "sys_platform == 'win32'" },
]
sdist = { url = "https://files.pythonhosted.org/packages/a8/4b/29b4ef32e036bb34e4ab51796dd745cdba7ed47ad142a9f4a1eb8e0c744d/tqdm-4.67.1.tar.gz", hash = "sha256:f8aef9c52c08c13a65f30ea34f4e5aac3fd1a34959879d7e59e63027286627f2", size = 169737, upload-time = "2024-11-24T20:12:22.481Z" }
wheels = [
    { url = "https://files.pythonhosted.org/packages/d0/30/dc54f88dd4a2b5dc8a0279bdd7270e735851848b762aeb1c1184ed1f6b14/tqdm-4.67.1-py3-none-any.whl", hash = "sha256:26445eca388f82e72884e0d580d5464cd801a3ea01e63e5601bdff9ba6a48de2", size = 78540, upload-time = "2024-11-24T20:12:19.698Z" },
]
